
Microsoft Visual Studio Solution File, Format Version 12.00
# Visual Studio Version 16
VisualStudioVersion = 16.0.32228.343
MinimumVisualStudioVersion = 10.0.40219.1
Project("{9A19103F-16F7-4668-BE54-9A1E7A4F7556}") = "Warhammer_40k", "Warhammer_40k\Warhammer_40k.csproj", "{6388740C-E801-4EC3-B780-8BDDDD44DE01}"
EndProject
Project("{9A19103F-16F7-4668-BE54-9A1E7A4F7556}") = "DB_Client", "DB_Client\DB_Client\DB_Client.csproj", "{08424D31-0501-4771-8E37-0D2480773999}"
EndProject
Project("{9A19103F-16F7-4668-BE54-9A1E7A4F7556}") = "MySql_Connector", "DB_Client\MySql_Connector\MySql_Connector\MySql_Connector.csproj", "{68771DCF-C796-4904-923C-812412BF73EF}"
EndProject
Global
	GlobalSection(SolutionConfigurationPlatforms) = preSolution
		Debug|Any CPU = Debug|Any CPU
		Release|Any CPU = Release|Any CPU
	EndGlobalSection
	GlobalSection(ProjectConfigurationPlatforms) = postSolution
		{6388740C-E801-4EC3-B780-8BDDDD44DE01}.Debug|Any CPU.ActiveCfg = Debug|Any CPU
		{6388740C-E801-4EC3-B780-8BDDDD44DE01}.Debug|Any CPU.Build.0 = Debug|Any CPU
		{6388740C-E801-4EC3-B780-8BDDDD44DE01}.Release|Any CPU.ActiveCfg = Release|Any CPU
		{6388740C-E801-4EC3-B780-8BDDDD44DE01}.Release|Any CPU.Build.0 = Release|Any CPU
		{08424D31-0501-4771-8E37-0D2480773999}.Debug|Any CPU.ActiveCfg = Debug|Any CPU
		{08424D31-0501-4771-8E37-0D2480773999}.Debug|Any CPU.Build.0 = Debug|Any CPU
		{08424D31-0501-4771-8E37-0D2480773999}.Release|Any CPU.ActiveCfg = Release|Any CPU
		{08424D31-0501-4771-8E37-0D2480773999}.Release|Any CPU.Build.0 = Release|Any CPU
		{68771DCF-C796-4904-923C-812412BF73EF}.Debug|Any CPU.ActiveCfg = Debug|Any CPU
		{68771DCF-C796-4904-923C-812412BF73EF}.Debug|Any CPU.Build.0 = Debug|Any CPU
		{68771DCF-C796-4904-923C-812412BF73EF}.Release|Any CPU.ActiveCfg = Release|Any CPU
		{68771DCF-C796-4904-923C-812412BF73EF}.Release|Any CPU.Build.0 = Release|Any CPU
	EndGlobalSection
	GlobalSection(SolutionProperties) = preSolution
		HideSolutionNode = FALSE
	EndGlobalSection
	GlobalSection(ExtensibilityGlobals) = postSolution
		SolutionGuid = {633E8418-F82B-4D0C-8799-BBEE23BBA7D3}
	EndGlobalSection
EndGlobal
