
Microsoft Visual Studio Solution File, Format Version 12.00
# Visual Studio Version 17
VisualStudioVersion = 17.2.32526.322
MinimumVisualStudioVersion = 10.0.40219.1
Project("{FAE04EC0-301F-11D3-BF4B-00C04F79EFBC}") = "MySql_Connector", "MySql_Connector\MySql_Connector.csproj", "{AA5AA7E3-5FAB-4C28-B299-15C3B7C55147}"
EndProject
Global
	GlobalSection(SolutionConfigurationPlatforms) = preSolution
		Debug|Any CPU = Debug|Any CPU
		Release|Any CPU = Release|Any CPU
	EndGlobalSection
	GlobalSection(ProjectConfigurationPlatforms) = postSolution
		{AA5AA7E3-5FAB-4C28-B299-15C3B7C55147}.Debug|Any CPU.ActiveCfg = Debug|Any CPU
		{AA5AA7E3-5FAB-4C28-B299-15C3B7C55147}.Debug|Any CPU.Build.0 = Debug|Any CPU
		{AA5AA7E3-5FAB-4C28-B299-15C3B7C55147}.Release|Any CPU.ActiveCfg = Release|Any CPU
		{AA5AA7E3-5FAB-4C28-B299-15C3B7C55147}.Release|Any CPU.Build.0 = Release|Any CPU
	EndGlobalSection
	GlobalSection(SolutionProperties) = preSolution
		HideSolutionNode = FALSE
	EndGlobalSection
	GlobalSection(ExtensibilityGlobals) = postSolution
		SolutionGuid = {1C804FE5-33C9-499E-9A2D-F9DC89C29C89}
	EndGlobalSection
EndGlobal
